
Microsoft Visual Studio Solution File, Format Version 12.00
# Visual Studio Version 17
VisualStudioVersion = 17.10.35027.167
MinimumVisualStudioVersion = 10.0.40219.1
Project("{FAE04EC0-301F-11D3-BF4B-00C04F79EFBC}") = "C# OOP 1", "C# OOP 1\C# OOP 1.csproj", "{BA1FA0C1-ADB4-49EE-BA94-AF63D9B819FD}"
EndProject
Global
	GlobalSection(SolutionConfigurationPlatforms) = preSolution
		Debug|Any CPU = Debug|Any CPU
		Release|Any CPU = Release|Any CPU
	EndGlobalSection
	GlobalSection(ProjectConfigurationPlatforms) = postSolution
		{BA1FA0C1-ADB4-49EE-BA94-AF63D9B819FD}.Debug|Any CPU.ActiveCfg = Debug|Any CPU
		{BA1FA0C1-ADB4-49EE-BA94-AF63D9B819FD}.Debug|Any CPU.Build.0 = Debug|Any CPU
		{BA1FA0C1-ADB4-49EE-BA94-AF63D9B819FD}.Release|Any CPU.ActiveCfg = Release|Any CPU
		{BA1FA0C1-ADB4-49EE-BA94-AF63D9B819FD}.Release|Any CPU.Build.0 = Release|Any CPU
	EndGlobalSection
	GlobalSection(SolutionProperties) = preSolution
		HideSolutionNode = FALSE
	EndGlobalSection
	GlobalSection(ExtensibilityGlobals) = postSolution
		SolutionGuid = {90565743-6037-4310-8D70-8E76609C8301}
	EndGlobalSection
EndGlobal
